name: easy_lock
description: Close-range static target for reliable lock testing
duration: 10.0
difficulty: easy
expected_detection: true
expected_lock: true
tags:
- regression
- baseline
- lock-test
own_uav:
  position:
  - 500
  - 500
  - 100
  heading: 0
targets:
- id: target_01
  position:
  - 600
  - 500
  - 100
  heading: 180
  team: red
  behavior: straight
  behavior_params:
    base_speed: 20.0
lock_on:
  min_duration: 1.0
expected_min_detections: 1
expected_min_valid_locks: 1
notes: Phase 3 Polish
